
Microsoft Visual Studio Solution File, Format Version 12.00
# Visual Studio Version 16
VisualStudioVersion = 16.0.31321.278
MinimumVisualStudioVersion = 10.0.40219.1
Project("{FAE04EC0-301F-11D3-BF4B-00C04F79EFBC}") = "environment", "environment\environment.csproj", "{993A1509-D619-4C71-80C3-A7CF138C0DFD}"
EndProject
Global
	GlobalSection(SolutionConfigurationPlatforms) = preSolution
		Debug|Any CPU = Debug|Any CPU
		Release|Any CPU = Release|Any CPU
	EndGlobalSection
	GlobalSection(ProjectConfigurationPlatforms) = postSolution
		{993A1509-D619-4C71-80C3-A7CF138C0DFD}.Debug|Any CPU.ActiveCfg = Debug|Any CPU
		{993A1509-D619-4C71-80C3-A7CF138C0DFD}.Debug|Any CPU.Build.0 = Debug|Any CPU
		{993A1509-D619-4C71-80C3-A7CF138C0DFD}.Release|Any CPU.ActiveCfg = Release|Any CPU
		{993A1509-D619-4C71-80C3-A7CF138C0DFD}.Release|Any CPU.Build.0 = Release|Any CPU
	EndGlobalSection
	GlobalSection(SolutionProperties) = preSolution
		HideSolutionNode = FALSE
	EndGlobalSection
	GlobalSection(ExtensibilityGlobals) = postSolution
		SolutionGuid = {D16B923D-E358-461F-BFD2-5CFBA7DA7FE2}
	EndGlobalSection
EndGlobal
